
Microsoft Visual Studio Solution File, Format Version 12.00
# Visual Studio Version 17
VisualStudioVersion = 17.11.35222.181
MinimumVisualStudioVersion = 10.0.40219.1
Project("{FAE04EC0-301F-11D3-BF4B-00C04F79EFBC}") = "Topic2SimpleCalculator", "Topic2SimpleCalculator\Topic2SimpleCalculator.csproj", "{D035B682-721C-4F2D-9FB1-7AD3AD0AE8D4}"
EndProject
Global
	GlobalSection(SolutionConfigurationPlatforms) = preSolution
		Debug|Any CPU = Debug|Any CPU
		Release|Any CPU = Release|Any CPU
	EndGlobalSection
	GlobalSection(ProjectConfigurationPlatforms) = postSolution
		{D035B682-721C-4F2D-9FB1-7AD3AD0AE8D4}.Debug|Any CPU.ActiveCfg = Debug|Any CPU
		{D035B682-721C-4F2D-9FB1-7AD3AD0AE8D4}.Debug|Any CPU.Build.0 = Debug|Any CPU
		{D035B682-721C-4F2D-9FB1-7AD3AD0AE8D4}.Release|Any CPU.ActiveCfg = Release|Any CPU
		{D035B682-721C-4F2D-9FB1-7AD3AD0AE8D4}.Release|Any CPU.Build.0 = Release|Any CPU
	EndGlobalSection
	GlobalSection(SolutionProperties) = preSolution
		HideSolutionNode = FALSE
	EndGlobalSection
	GlobalSection(ExtensibilityGlobals) = postSolution
		SolutionGuid = {43E7A5BE-0277-483A-BBD0-1BDAA3BFD682}
	EndGlobalSection
EndGlobal
