
Microsoft Visual Studio Solution File, Format Version 12.00
# Visual Studio Version 17
VisualStudioVersion = 17.11.35222.181
MinimumVisualStudioVersion = 10.0.40219.1
Project("{FAE04EC0-301F-11D3-BF4B-00C04F79EFBC}") = "Topic6-MethodsExample", "Topic6-MethodsExample\Topic6-MethodsExample.csproj", "{B546B4AF-6DD4-4D49-8B34-E83B7806851B}"
EndProject
Global
	GlobalSection(SolutionConfigurationPlatforms) = preSolution
		Debug|Any CPU = Debug|Any CPU
		Release|Any CPU = Release|Any CPU
	EndGlobalSection
	GlobalSection(ProjectConfigurationPlatforms) = postSolution
		{B546B4AF-6DD4-4D49-8B34-E83B7806851B}.Debug|Any CPU.ActiveCfg = Debug|Any CPU
		{B546B4AF-6DD4-4D49-8B34-E83B7806851B}.Debug|Any CPU.Build.0 = Debug|Any CPU
		{B546B4AF-6DD4-4D49-8B34-E83B7806851B}.Release|Any CPU.ActiveCfg = Release|Any CPU
		{B546B4AF-6DD4-4D49-8B34-E83B7806851B}.Release|Any CPU.Build.0 = Release|Any CPU
	EndGlobalSection
	GlobalSection(SolutionProperties) = preSolution
		HideSolutionNode = FALSE
	EndGlobalSection
	GlobalSection(ExtensibilityGlobals) = postSolution
		SolutionGuid = {2A890C3D-9CA3-4030-B509-E91DA0AD38FB}
	EndGlobalSection
EndGlobal
