
Microsoft Visual Studio Solution File, Format Version 12.00
# Visual Studio Version 17
VisualStudioVersion = 17.13.35931.197 d17.13
MinimumVisualStudioVersion = 10.0.40219.1
Project("{FAE04EC0-301F-11D3-BF4B-00C04F79EFBC}") = "ClassAndListPractice-DogStore", "ClassAndListPractice-DogStore.csproj", "{3F68F4CC-BFEC-41F4-9A37-CC5BF4C70F22}"
EndProject
Global
	GlobalSection(SolutionConfigurationPlatforms) = preSolution
		Debug|Any CPU = Debug|Any CPU
		Release|Any CPU = Release|Any CPU
	EndGlobalSection
	GlobalSection(ProjectConfigurationPlatforms) = postSolution
		{3F68F4CC-BFEC-41F4-9A37-CC5BF4C70F22}.Debug|Any CPU.ActiveCfg = Debug|Any CPU
		{3F68F4CC-BFEC-41F4-9A37-CC5BF4C70F22}.Debug|Any CPU.Build.0 = Debug|Any CPU
		{3F68F4CC-BFEC-41F4-9A37-CC5BF4C70F22}.Release|Any CPU.ActiveCfg = Release|Any CPU
		{3F68F4CC-BFEC-41F4-9A37-CC5BF4C70F22}.Release|Any CPU.Build.0 = Release|Any CPU
	EndGlobalSection
	GlobalSection(SolutionProperties) = preSolution
		HideSolutionNode = FALSE
	EndGlobalSection
	GlobalSection(ExtensibilityGlobals) = postSolution
		SolutionGuid = {D8EF1C5C-4F7B-406D-981F-9D253D014309}
	EndGlobalSection
EndGlobal
