
Microsoft Visual Studio Solution File, Format Version 12.00
# Visual Studio 15
VisualStudioVersion = 15.0.28307.902
MinimumVisualStudioVersion = 10.0.40219.1
Project("{FAE04EC0-301F-11D3-BF4B-00C04F79EFBC}") = "Connect4", "Connect4\Connect4.csproj", "{0471C417-B253-4C62-AF91-D792E342AEE3}"
EndProject
Global
	GlobalSection(SolutionConfigurationPlatforms) = preSolution
		Debug|Any CPU = Debug|Any CPU
		Release|Any CPU = Release|Any CPU
	EndGlobalSection
	GlobalSection(ProjectConfigurationPlatforms) = postSolution
		{0471C417-B253-4C62-AF91-D792E342AEE3}.Debug|Any CPU.ActiveCfg = Debug|Any CPU
		{0471C417-B253-4C62-AF91-D792E342AEE3}.Debug|Any CPU.Build.0 = Debug|Any CPU
		{0471C417-B253-4C62-AF91-D792E342AEE3}.Release|Any CPU.ActiveCfg = Release|Any CPU
		{0471C417-B253-4C62-AF91-D792E342AEE3}.Release|Any CPU.Build.0 = Release|Any CPU
	EndGlobalSection
	GlobalSection(SolutionProperties) = preSolution
		HideSolutionNode = FALSE
	EndGlobalSection
	GlobalSection(ExtensibilityGlobals) = postSolution
		SolutionGuid = {4632AC9C-7EDF-4D49-B77D-0B1026442125}
	EndGlobalSection
EndGlobal
