
Microsoft Visual Studio Solution File, Format Version 12.00
# Visual Studio Version 17
VisualStudioVersion = 17.11.35222.181
MinimumVisualStudioVersion = 10.0.40219.1
Project("{FAE04EC0-301F-11D3-BF4B-00C04F79EFBC}") = "Topic3PracticePeriod", "Topic3PracticePeriod\Topic3PracticePeriod.csproj", "{90D37104-2A06-4DC3-BE98-5812126D9799}"
EndProject
Global
	GlobalSection(SolutionConfigurationPlatforms) = preSolution
		Debug|Any CPU = Debug|Any CPU
		Release|Any CPU = Release|Any CPU
	EndGlobalSection
	GlobalSection(ProjectConfigurationPlatforms) = postSolution
		{90D37104-2A06-4DC3-BE98-5812126D9799}.Debug|Any CPU.ActiveCfg = Debug|Any CPU
		{90D37104-2A06-4DC3-BE98-5812126D9799}.Debug|Any CPU.Build.0 = Debug|Any CPU
		{90D37104-2A06-4DC3-BE98-5812126D9799}.Release|Any CPU.ActiveCfg = Release|Any CPU
		{90D37104-2A06-4DC3-BE98-5812126D9799}.Release|Any CPU.Build.0 = Release|Any CPU
	EndGlobalSection
	GlobalSection(SolutionProperties) = preSolution
		HideSolutionNode = FALSE
	EndGlobalSection
	GlobalSection(ExtensibilityGlobals) = postSolution
		SolutionGuid = {A8B9189E-F85A-4A7A-8C20-1B597688E6BE}
	EndGlobalSection
EndGlobal
