
Microsoft Visual Studio Solution File, Format Version 12.00
# Visual Studio Version 17
VisualStudioVersion = 17.12.35527.113 d17.12
MinimumVisualStudioVersion = 10.0.40219.1
Project("{FAE04EC0-301F-11D3-BF4B-00C04F79EFBC}") = "PiggyBankLoop", "PiggyBankLoop\PiggyBankLoop.csproj", "{EEB9CECF-7711-40D2-B3B0-17C5361A5EEC}"
EndProject
Global
	GlobalSection(SolutionConfigurationPlatforms) = preSolution
		Debug|Any CPU = Debug|Any CPU
		Release|Any CPU = Release|Any CPU
	EndGlobalSection
	GlobalSection(ProjectConfigurationPlatforms) = postSolution
		{EEB9CECF-7711-40D2-B3B0-17C5361A5EEC}.Debug|Any CPU.ActiveCfg = Debug|Any CPU
		{EEB9CECF-7711-40D2-B3B0-17C5361A5EEC}.Debug|Any CPU.Build.0 = Debug|Any CPU
		{EEB9CECF-7711-40D2-B3B0-17C5361A5EEC}.Release|Any CPU.ActiveCfg = Release|Any CPU
		{EEB9CECF-7711-40D2-B3B0-17C5361A5EEC}.Release|Any CPU.Build.0 = Release|Any CPU
	EndGlobalSection
	GlobalSection(SolutionProperties) = preSolution
		HideSolutionNode = FALSE
	EndGlobalSection
EndGlobal
