
Microsoft Visual Studio Solution File, Format Version 12.00
# Visual Studio Version 17
VisualStudioVersion = 17.12.35527.113 d17.12
MinimumVisualStudioVersion = 10.0.40219.1
Project("{FAE04EC0-301F-11D3-BF4B-00C04F79EFBC}") = "ExceptionHandlingDemo", "ExceptionHandlingDemo\ExceptionHandlingDemo.csproj", "{D1ACEA87-E703-4F6E-BEA8-760DD4A96AAF}"
EndProject
Global
	GlobalSection(SolutionConfigurationPlatforms) = preSolution
		Debug|Any CPU = Debug|Any CPU
		Release|Any CPU = Release|Any CPU
	EndGlobalSection
	GlobalSection(ProjectConfigurationPlatforms) = postSolution
		{D1ACEA87-E703-4F6E-BEA8-760DD4A96AAF}.Debug|Any CPU.ActiveCfg = Debug|Any CPU
		{D1ACEA87-E703-4F6E-BEA8-760DD4A96AAF}.Debug|Any CPU.Build.0 = Debug|Any CPU
		{D1ACEA87-E703-4F6E-BEA8-760DD4A96AAF}.Release|Any CPU.ActiveCfg = Release|Any CPU
		{D1ACEA87-E703-4F6E-BEA8-760DD4A96AAF}.Release|Any CPU.Build.0 = Release|Any CPU
	EndGlobalSection
	GlobalSection(SolutionProperties) = preSolution
		HideSolutionNode = FALSE
	EndGlobalSection
EndGlobal
