
Microsoft Visual Studio Solution File, Format Version 12.00
# Visual Studio Version 17
VisualStudioVersion = 17.11.35222.181
MinimumVisualStudioVersion = 10.0.40219.1
Project("{FAE04EC0-301F-11D3-BF4B-00C04F79EFBC}") = "Topic6-MethodsSandbox", "Topic6-MethodsSandbox\Topic6-MethodsSandbox.csproj", "{44CAAE42-BF75-4E1E-9454-D93469FA25C1}"
EndProject
Global
	GlobalSection(SolutionConfigurationPlatforms) = preSolution
		Debug|Any CPU = Debug|Any CPU
		Release|Any CPU = Release|Any CPU
	EndGlobalSection
	GlobalSection(ProjectConfigurationPlatforms) = postSolution
		{44CAAE42-BF75-4E1E-9454-D93469FA25C1}.Debug|Any CPU.ActiveCfg = Debug|Any CPU
		{44CAAE42-BF75-4E1E-9454-D93469FA25C1}.Debug|Any CPU.Build.0 = Debug|Any CPU
		{44CAAE42-BF75-4E1E-9454-D93469FA25C1}.Release|Any CPU.ActiveCfg = Release|Any CPU
		{44CAAE42-BF75-4E1E-9454-D93469FA25C1}.Release|Any CPU.Build.0 = Release|Any CPU
	EndGlobalSection
	GlobalSection(SolutionProperties) = preSolution
		HideSolutionNode = FALSE
	EndGlobalSection
	GlobalSection(ExtensibilityGlobals) = postSolution
		SolutionGuid = {3D6B7DB8-D5C6-481B-84A9-AADEC01C96A0}
	EndGlobalSection
EndGlobal
