
Microsoft Visual Studio Solution File, Format Version 12.00
# Visual Studio Version 17
VisualStudioVersion = 17.13.35931.197 d17.13
MinimumVisualStudioVersion = 10.0.40219.1
Project("{FAE04EC0-301F-11D3-BF4B-00C04F79EFBC}") = "ArrayPractice-FarmersMarket", "ArrayPractice-FarmersMarket.csproj", "{3FD4B1D1-7EF0-4A27-BABA-E584E6F7769D}"
EndProject
Global
	GlobalSection(SolutionConfigurationPlatforms) = preSolution
		Debug|Any CPU = Debug|Any CPU
		Release|Any CPU = Release|Any CPU
	EndGlobalSection
	GlobalSection(ProjectConfigurationPlatforms) = postSolution
		{3FD4B1D1-7EF0-4A27-BABA-E584E6F7769D}.Debug|Any CPU.ActiveCfg = Debug|Any CPU
		{3FD4B1D1-7EF0-4A27-BABA-E584E6F7769D}.Debug|Any CPU.Build.0 = Debug|Any CPU
		{3FD4B1D1-7EF0-4A27-BABA-E584E6F7769D}.Release|Any CPU.ActiveCfg = Release|Any CPU
		{3FD4B1D1-7EF0-4A27-BABA-E584E6F7769D}.Release|Any CPU.Build.0 = Release|Any CPU
	EndGlobalSection
	GlobalSection(SolutionProperties) = preSolution
		HideSolutionNode = FALSE
	EndGlobalSection
	GlobalSection(ExtensibilityGlobals) = postSolution
		SolutionGuid = {4ADC9B97-AA20-4A65-8B82-E658FA74095E}
	EndGlobalSection
EndGlobal
