
Microsoft Visual Studio Solution File, Format Version 12.00
# Visual Studio Version 17
VisualStudioVersion = 17.7.34024.191
MinimumVisualStudioVersion = 10.0.40219.1
Project("{9A19103F-16F7-4668-BE54-9A1E7A4F7556}") = "SimpleCalculator", "SandboxA04\SimpleCalculator.csproj", "{A2603A3F-901B-46C2-B9CC-B39F7C336F6B}"
EndProject
Project("{9A19103F-16F7-4668-BE54-9A1E7A4F7556}") = "Sep15MathExample", "Sep15ClassExample\Sep15MathExample.csproj", "{1EBC59EF-FFB7-4D05-AC5C-871B151D901B}"
EndProject
Project("{9A19103F-16F7-4668-BE54-9A1E7A4F7556}") = "Sep22StringAndCalculationPractice", "Sep22StringAndCalculationPractice\Sep22StringAndCalculationPractice.csproj", "{7C50F5EA-CA25-4844-BCAD-5ED015B55CBC}"
EndProject
Project("{9A19103F-16F7-4668-BE54-9A1E7A4F7556}") = "Sep26DecisionStructures", "Sep26DecisionStructures\Sep26DecisionStructures.csproj", "{C1C242F5-F2B7-4541-9504-8F700EFCB0B5}"
EndProject
Project("{9A19103F-16F7-4668-BE54-9A1E7A4F7556}") = "Oct2LoanQualifier", "Oct2LoanQualifier\Oct2LoanQualifier.csproj", "{FA4A7304-2CCC-409D-9EA7-7B4C95595CFF}"
EndProject
Project("{9A19103F-16F7-4668-BE54-9A1E7A4F7556}") = "Oct3WhileLoop", "Oct3Loops\Oct3WhileLoop.csproj", "{A118AAF7-E3F8-46DD-81C8-C13B0F55F5C3}"
EndProject
Project("{9A19103F-16F7-4668-BE54-9A1E7A4F7556}") = "Oct3DoWhile", "Oct3DoWhile\Oct3DoWhile.csproj", "{7F7B8FBB-EA8F-436E-9DFE-19E45BC0A1FB}"
EndProject
Project("{9A19103F-16F7-4668-BE54-9A1E7A4F7556}") = "Oct13TryCatch", "Oct13TryCatch\Oct13TryCatch.csproj", "{57921B33-7B1E-493D-884E-6F88E6BF83BA}"
EndProject
Project("{9A19103F-16F7-4668-BE54-9A1E7A4F7556}") = "Oct17ArrayExample", "Oct17ArrayExample\Oct17ArrayExample.csproj", "{B82C7B8A-BC0C-44A6-BEE6-748B1B57DA85}"
EndProject
Project("{9A19103F-16F7-4668-BE54-9A1E7A4F7556}") = "Oct23Method", "Oct23Method\Oct23Method.csproj", "{44794702-677E-49C5-8841-4F7F3E189002}"
EndProject
Project("{9A19103F-16F7-4668-BE54-9A1E7A4F7556}") = "Oct24MethodPractice", "Oct24MethodPractice'\Oct24MethodPractice.csproj", "{27D607E0-E37C-440C-A321-3C43611ABBF0}"
EndProject
Project("{FAE04EC0-301F-11D3-BF4B-00C04F79EFBC}") = "Oct31FileIO", "Oct31FileIO\Oct31FileIO.csproj", "{247DE7DD-1BB0-4445-BBC4-6D2CC1DFEA67}"
EndProject
Global
	GlobalSection(SolutionConfigurationPlatforms) = preSolution
		Debug|Any CPU = Debug|Any CPU
		Release|Any CPU = Release|Any CPU
	EndGlobalSection
	GlobalSection(ProjectConfigurationPlatforms) = postSolution
		{A2603A3F-901B-46C2-B9CC-B39F7C336F6B}.Debug|Any CPU.ActiveCfg = Debug|Any CPU
		{A2603A3F-901B-46C2-B9CC-B39F7C336F6B}.Debug|Any CPU.Build.0 = Debug|Any CPU
		{A2603A3F-901B-46C2-B9CC-B39F7C336F6B}.Release|Any CPU.ActiveCfg = Release|Any CPU
		{A2603A3F-901B-46C2-B9CC-B39F7C336F6B}.Release|Any CPU.Build.0 = Release|Any CPU
		{1EBC59EF-FFB7-4D05-AC5C-871B151D901B}.Debug|Any CPU.ActiveCfg = Debug|Any CPU
		{1EBC59EF-FFB7-4D05-AC5C-871B151D901B}.Debug|Any CPU.Build.0 = Debug|Any CPU
		{1EBC59EF-FFB7-4D05-AC5C-871B151D901B}.Release|Any CPU.ActiveCfg = Release|Any CPU
		{1EBC59EF-FFB7-4D05-AC5C-871B151D901B}.Release|Any CPU.Build.0 = Release|Any CPU
		{7C50F5EA-CA25-4844-BCAD-5ED015B55CBC}.Debug|Any CPU.ActiveCfg = Debug|Any CPU
		{7C50F5EA-CA25-4844-BCAD-5ED015B55CBC}.Debug|Any CPU.Build.0 = Debug|Any CPU
		{7C50F5EA-CA25-4844-BCAD-5ED015B55CBC}.Release|Any CPU.ActiveCfg = Release|Any CPU
		{7C50F5EA-CA25-4844-BCAD-5ED015B55CBC}.Release|Any CPU.Build.0 = Release|Any CPU
		{C1C242F5-F2B7-4541-9504-8F700EFCB0B5}.Debug|Any CPU.ActiveCfg = Debug|Any CPU
		{C1C242F5-F2B7-4541-9504-8F700EFCB0B5}.Debug|Any CPU.Build.0 = Debug|Any CPU
		{C1C242F5-F2B7-4541-9504-8F700EFCB0B5}.Release|Any CPU.ActiveCfg = Release|Any CPU
		{C1C242F5-F2B7-4541-9504-8F700EFCB0B5}.Release|Any CPU.Build.0 = Release|Any CPU
		{FA4A7304-2CCC-409D-9EA7-7B4C95595CFF}.Debug|Any CPU.ActiveCfg = Debug|Any CPU
		{FA4A7304-2CCC-409D-9EA7-7B4C95595CFF}.Debug|Any CPU.Build.0 = Debug|Any CPU
		{FA4A7304-2CCC-409D-9EA7-7B4C95595CFF}.Release|Any CPU.ActiveCfg = Release|Any CPU
		{FA4A7304-2CCC-409D-9EA7-7B4C95595CFF}.Release|Any CPU.Build.0 = Release|Any CPU
		{A118AAF7-E3F8-46DD-81C8-C13B0F55F5C3}.Debug|Any CPU.ActiveCfg = Debug|Any CPU
		{A118AAF7-E3F8-46DD-81C8-C13B0F55F5C3}.Debug|Any CPU.Build.0 = Debug|Any CPU
		{A118AAF7-E3F8-46DD-81C8-C13B0F55F5C3}.Release|Any CPU.ActiveCfg = Release|Any CPU
		{A118AAF7-E3F8-46DD-81C8-C13B0F55F5C3}.Release|Any CPU.Build.0 = Release|Any CPU
		{7F7B8FBB-EA8F-436E-9DFE-19E45BC0A1FB}.Debug|Any CPU.ActiveCfg = Debug|Any CPU
		{7F7B8FBB-EA8F-436E-9DFE-19E45BC0A1FB}.Debug|Any CPU.Build.0 = Debug|Any CPU
		{7F7B8FBB-EA8F-436E-9DFE-19E45BC0A1FB}.Release|Any CPU.ActiveCfg = Release|Any CPU
		{7F7B8FBB-EA8F-436E-9DFE-19E45BC0A1FB}.Release|Any CPU.Build.0 = Release|Any CPU
		{57921B33-7B1E-493D-884E-6F88E6BF83BA}.Debug|Any CPU.ActiveCfg = Debug|Any CPU
		{57921B33-7B1E-493D-884E-6F88E6BF83BA}.Debug|Any CPU.Build.0 = Debug|Any CPU
		{57921B33-7B1E-493D-884E-6F88E6BF83BA}.Release|Any CPU.ActiveCfg = Release|Any CPU
		{57921B33-7B1E-493D-884E-6F88E6BF83BA}.Release|Any CPU.Build.0 = Release|Any CPU
		{B82C7B8A-BC0C-44A6-BEE6-748B1B57DA85}.Debug|Any CPU.ActiveCfg = Debug|Any CPU
		{B82C7B8A-BC0C-44A6-BEE6-748B1B57DA85}.Debug|Any CPU.Build.0 = Debug|Any CPU
		{B82C7B8A-BC0C-44A6-BEE6-748B1B57DA85}.Release|Any CPU.ActiveCfg = Release|Any CPU
		{B82C7B8A-BC0C-44A6-BEE6-748B1B57DA85}.Release|Any CPU.Build.0 = Release|Any CPU
		{44794702-677E-49C5-8841-4F7F3E189002}.Debug|Any CPU.ActiveCfg = Debug|Any CPU
		{44794702-677E-49C5-8841-4F7F3E189002}.Debug|Any CPU.Build.0 = Debug|Any CPU
		{44794702-677E-49C5-8841-4F7F3E189002}.Release|Any CPU.ActiveCfg = Release|Any CPU
		{44794702-677E-49C5-8841-4F7F3E189002}.Release|Any CPU.Build.0 = Release|Any CPU
		{27D607E0-E37C-440C-A321-3C43611ABBF0}.Debug|Any CPU.ActiveCfg = Debug|Any CPU
		{27D607E0-E37C-440C-A321-3C43611ABBF0}.Debug|Any CPU.Build.0 = Debug|Any CPU
		{27D607E0-E37C-440C-A321-3C43611ABBF0}.Release|Any CPU.ActiveCfg = Release|Any CPU
		{27D607E0-E37C-440C-A321-3C43611ABBF0}.Release|Any CPU.Build.0 = Release|Any CPU
		{247DE7DD-1BB0-4445-BBC4-6D2CC1DFEA67}.Debug|Any CPU.ActiveCfg = Debug|Any CPU
		{247DE7DD-1BB0-4445-BBC4-6D2CC1DFEA67}.Debug|Any CPU.Build.0 = Debug|Any CPU
		{247DE7DD-1BB0-4445-BBC4-6D2CC1DFEA67}.Release|Any CPU.ActiveCfg = Release|Any CPU
		{247DE7DD-1BB0-4445-BBC4-6D2CC1DFEA67}.Release|Any CPU.Build.0 = Release|Any CPU
	EndGlobalSection
	GlobalSection(SolutionProperties) = preSolution
		HideSolutionNode = FALSE
	EndGlobalSection
	GlobalSection(ExtensibilityGlobals) = postSolution
		SolutionGuid = {0FB6DC4D-6DA6-4FFF-A5B9-8AF6ADCDD4B2}
	EndGlobalSection
EndGlobal
