
Microsoft Visual Studio Solution File, Format Version 12.00
# Visual Studio Version 17
VisualStudioVersion = 17.7.34024.191
MinimumVisualStudioVersion = 10.0.40219.1
Project("{9A19103F-16F7-4668-BE54-9A1E7A4F7556}") = "Calculator", "SandboxA04\Calculator.csproj", "{A2603A3F-901B-46C2-B9CC-B39F7C336F6B}"
EndProject
Project("{9A19103F-16F7-4668-BE54-9A1E7A4F7556}") = "Sep15ClassExample", "Sep15ClassExample\Sep15ClassExample.csproj", "{1EBC59EF-FFB7-4D05-AC5C-871B151D901B}"
EndProject
Project("{FAE04EC0-301F-11D3-BF4B-00C04F79EFBC}") = "Sep22StringAndCalculationPractice", "Sep22StringAndCalculationPractice\Sep22StringAndCalculationPractice.csproj", "{7C50F5EA-CA25-4844-BCAD-5ED015B55CBC}"
EndProject
Global
	GlobalSection(SolutionConfigurationPlatforms) = preSolution
		Debug|Any CPU = Debug|Any CPU
		Release|Any CPU = Release|Any CPU
	EndGlobalSection
	GlobalSection(ProjectConfigurationPlatforms) = postSolution
		{A2603A3F-901B-46C2-B9CC-B39F7C336F6B}.Debug|Any CPU.ActiveCfg = Debug|Any CPU
		{A2603A3F-901B-46C2-B9CC-B39F7C336F6B}.Debug|Any CPU.Build.0 = Debug|Any CPU
		{A2603A3F-901B-46C2-B9CC-B39F7C336F6B}.Release|Any CPU.ActiveCfg = Release|Any CPU
		{A2603A3F-901B-46C2-B9CC-B39F7C336F6B}.Release|Any CPU.Build.0 = Release|Any CPU
		{1EBC59EF-FFB7-4D05-AC5C-871B151D901B}.Debug|Any CPU.ActiveCfg = Debug|Any CPU
		{1EBC59EF-FFB7-4D05-AC5C-871B151D901B}.Debug|Any CPU.Build.0 = Debug|Any CPU
		{1EBC59EF-FFB7-4D05-AC5C-871B151D901B}.Release|Any CPU.ActiveCfg = Release|Any CPU
		{1EBC59EF-FFB7-4D05-AC5C-871B151D901B}.Release|Any CPU.Build.0 = Release|Any CPU
		{7C50F5EA-CA25-4844-BCAD-5ED015B55CBC}.Debug|Any CPU.ActiveCfg = Debug|Any CPU
		{7C50F5EA-CA25-4844-BCAD-5ED015B55CBC}.Debug|Any CPU.Build.0 = Debug|Any CPU
		{7C50F5EA-CA25-4844-BCAD-5ED015B55CBC}.Release|Any CPU.ActiveCfg = Release|Any CPU
		{7C50F5EA-CA25-4844-BCAD-5ED015B55CBC}.Release|Any CPU.Build.0 = Release|Any CPU
	EndGlobalSection
	GlobalSection(SolutionProperties) = preSolution
		HideSolutionNode = FALSE
	EndGlobalSection
	GlobalSection(ExtensibilityGlobals) = postSolution
		SolutionGuid = {0FB6DC4D-6DA6-4FFF-A5B9-8AF6ADCDD4B2}
	EndGlobalSection
EndGlobal
