
Microsoft Visual Studio Solution File, Format Version 12.00
# Visual Studio Version 17
VisualStudioVersion = 17.7.34024.191
MinimumVisualStudioVersion = 10.0.40219.1
Project("{FAE04EC0-301F-11D3-BF4B-00C04F79EFBC}") = "SandboxA04", "SandboxA04\SandboxA04.csproj", "{A2603A3F-901B-46C2-B9CC-B39F7C336F6B}"
EndProject
Global
	GlobalSection(SolutionConfigurationPlatforms) = preSolution
		Debug|Any CPU = Debug|Any CPU
		Release|Any CPU = Release|Any CPU
	EndGlobalSection
	GlobalSection(ProjectConfigurationPlatforms) = postSolution
		{A2603A3F-901B-46C2-B9CC-B39F7C336F6B}.Debug|Any CPU.ActiveCfg = Debug|Any CPU
		{A2603A3F-901B-46C2-B9CC-B39F7C336F6B}.Debug|Any CPU.Build.0 = Debug|Any CPU
		{A2603A3F-901B-46C2-B9CC-B39F7C336F6B}.Release|Any CPU.ActiveCfg = Release|Any CPU
		{A2603A3F-901B-46C2-B9CC-B39F7C336F6B}.Release|Any CPU.Build.0 = Release|Any CPU
	EndGlobalSection
	GlobalSection(SolutionProperties) = preSolution
		HideSolutionNode = FALSE
	EndGlobalSection
	GlobalSection(ExtensibilityGlobals) = postSolution
		SolutionGuid = {0FB6DC4D-6DA6-4FFF-A5B9-8AF6ADCDD4B2}
	EndGlobalSection
EndGlobal
