
Microsoft Visual Studio Solution File, Format Version 12.00
# Visual Studio Version 17
VisualStudioVersion = 17.12.35527.113 d17.12
MinimumVisualStudioVersion = 10.0.40219.1
Project("{FAE04EC0-301F-11D3-BF4B-00C04F79EFBC}") = "CalendarDemo", "CalendarDemo.csproj", "{59165D3E-04E7-4F10-8C4A-7A6E55D079B0}"
EndProject
Global
	GlobalSection(SolutionConfigurationPlatforms) = preSolution
		Debug|Any CPU = Debug|Any CPU
		Release|Any CPU = Release|Any CPU
	EndGlobalSection
	GlobalSection(ProjectConfigurationPlatforms) = postSolution
		{59165D3E-04E7-4F10-8C4A-7A6E55D079B0}.Debug|Any CPU.ActiveCfg = Debug|Any CPU
		{59165D3E-04E7-4F10-8C4A-7A6E55D079B0}.Debug|Any CPU.Build.0 = Debug|Any CPU
		{59165D3E-04E7-4F10-8C4A-7A6E55D079B0}.Release|Any CPU.ActiveCfg = Release|Any CPU
		{59165D3E-04E7-4F10-8C4A-7A6E55D079B0}.Release|Any CPU.Build.0 = Release|Any CPU
	EndGlobalSection
	GlobalSection(SolutionProperties) = preSolution
		HideSolutionNode = FALSE
	EndGlobalSection
EndGlobal
