
Microsoft Visual Studio Solution File, Format Version 12.00
# Visual Studio Version 17
VisualStudioVersion = 17.7.34024.191
MinimumVisualStudioVersion = 10.0.40219.1
Project("{9A19103F-16F7-4668-BE54-9A1E7A4F7556}") = "Calculator", "SandboxA05\Calculator.csproj", "{0960A53D-1BDE-47C7-BD08-2B5346EC71D8}"
EndProject
Project("{9A19103F-16F7-4668-BE54-9A1E7A4F7556}") = "Sep15MathExample", "Sep15ClassExamples\Sep15MathExample.csproj", "{E894B191-0686-4EB5-98C2-84D7F1AA23FD}"
EndProject
Project("{9A19103F-16F7-4668-BE54-9A1E7A4F7556}") = "ThursdayParties", "ThursdayParties\ThursdayParties.csproj", "{61E7D62A-EB47-45C5-8ABD-7F04E4857102}"
EndProject
Project("{9A19103F-16F7-4668-BE54-9A1E7A4F7556}") = "Sep22InvestmentExample", "Sep22InvestmentExample\Sep22InvestmentExample.csproj", "{C10DB195-BCAD-40DF-A148-DB4E5831ECEB}"
EndProject
Project("{9A19103F-16F7-4668-BE54-9A1E7A4F7556}") = "Sep27IfStatements", "Sep27IfStatements\Sep27IfStatements.csproj", "{785B27A0-A546-417E-861E-FC3B25C0C7D9}"
EndProject
Project("{9A19103F-16F7-4668-BE54-9A1E7A4F7556}") = "Oct2LoanQualifier", "Oct2LoanQualifier\Oct2LoanQualifier.csproj", "{E4726A00-0CAC-4217-AFC2-4089D84EF085}"
EndProject
Project("{9A19103F-16F7-4668-BE54-9A1E7A4F7556}") = "Oct4WhileLoop", "Oct4Loops\Oct4WhileLoop.csproj", "{C29F3134-477B-4C71-8B7D-3F9A65CD1C97}"
EndProject
Project("{9A19103F-16F7-4668-BE54-9A1E7A4F7556}") = "Oct4DoWhile", "Oct4DoWhile\Oct4DoWhile.csproj", "{D56D00DD-C40A-46C7-A5E8-A3F6738B3E87}"
EndProject
Project("{9A19103F-16F7-4668-BE54-9A1E7A4F7556}") = "Oct11TryCatch", "Oct11TryCatch\Oct11TryCatch.csproj", "{91309197-071A-4876-942C-6EC91CD76190}"
EndProject
Project("{9A19103F-16F7-4668-BE54-9A1E7A4F7556}") = "Oct13MoreValidationPractice", "Oct13MoreValidationPractice\Oct13MoreValidationPractice.csproj", "{604CCCD5-0678-4331-918C-EBD2E43605A0}"
EndProject
Project("{9A19103F-16F7-4668-BE54-9A1E7A4F7556}") = "Oct18Array", "Oct18Array\Oct18Array.csproj", "{273874CA-46BA-43CE-81D6-ADE1A5BE474C}"
EndProject
Project("{FAE04EC0-301F-11D3-BF4B-00C04F79EFBC}") = "Oct23Methods", "Oct23Methods\Oct23Methods.csproj", "{CE06BCA8-3EB4-47A0-87A1-40116019575B}"
EndProject
Global
	GlobalSection(SolutionConfigurationPlatforms) = preSolution
		Debug|Any CPU = Debug|Any CPU
		Release|Any CPU = Release|Any CPU
	EndGlobalSection
	GlobalSection(ProjectConfigurationPlatforms) = postSolution
		{0960A53D-1BDE-47C7-BD08-2B5346EC71D8}.Debug|Any CPU.ActiveCfg = Debug|Any CPU
		{0960A53D-1BDE-47C7-BD08-2B5346EC71D8}.Debug|Any CPU.Build.0 = Debug|Any CPU
		{0960A53D-1BDE-47C7-BD08-2B5346EC71D8}.Release|Any CPU.ActiveCfg = Release|Any CPU
		{0960A53D-1BDE-47C7-BD08-2B5346EC71D8}.Release|Any CPU.Build.0 = Release|Any CPU
		{E894B191-0686-4EB5-98C2-84D7F1AA23FD}.Debug|Any CPU.ActiveCfg = Debug|Any CPU
		{E894B191-0686-4EB5-98C2-84D7F1AA23FD}.Debug|Any CPU.Build.0 = Debug|Any CPU
		{E894B191-0686-4EB5-98C2-84D7F1AA23FD}.Release|Any CPU.ActiveCfg = Release|Any CPU
		{E894B191-0686-4EB5-98C2-84D7F1AA23FD}.Release|Any CPU.Build.0 = Release|Any CPU
		{61E7D62A-EB47-45C5-8ABD-7F04E4857102}.Debug|Any CPU.ActiveCfg = Debug|Any CPU
		{61E7D62A-EB47-45C5-8ABD-7F04E4857102}.Debug|Any CPU.Build.0 = Debug|Any CPU
		{61E7D62A-EB47-45C5-8ABD-7F04E4857102}.Release|Any CPU.ActiveCfg = Release|Any CPU
		{61E7D62A-EB47-45C5-8ABD-7F04E4857102}.Release|Any CPU.Build.0 = Release|Any CPU
		{C10DB195-BCAD-40DF-A148-DB4E5831ECEB}.Debug|Any CPU.ActiveCfg = Debug|Any CPU
		{C10DB195-BCAD-40DF-A148-DB4E5831ECEB}.Debug|Any CPU.Build.0 = Debug|Any CPU
		{C10DB195-BCAD-40DF-A148-DB4E5831ECEB}.Release|Any CPU.ActiveCfg = Release|Any CPU
		{C10DB195-BCAD-40DF-A148-DB4E5831ECEB}.Release|Any CPU.Build.0 = Release|Any CPU
		{785B27A0-A546-417E-861E-FC3B25C0C7D9}.Debug|Any CPU.ActiveCfg = Debug|Any CPU
		{785B27A0-A546-417E-861E-FC3B25C0C7D9}.Debug|Any CPU.Build.0 = Debug|Any CPU
		{785B27A0-A546-417E-861E-FC3B25C0C7D9}.Release|Any CPU.ActiveCfg = Release|Any CPU
		{785B27A0-A546-417E-861E-FC3B25C0C7D9}.Release|Any CPU.Build.0 = Release|Any CPU
		{E4726A00-0CAC-4217-AFC2-4089D84EF085}.Debug|Any CPU.ActiveCfg = Debug|Any CPU
		{E4726A00-0CAC-4217-AFC2-4089D84EF085}.Debug|Any CPU.Build.0 = Debug|Any CPU
		{E4726A00-0CAC-4217-AFC2-4089D84EF085}.Release|Any CPU.ActiveCfg = Release|Any CPU
		{E4726A00-0CAC-4217-AFC2-4089D84EF085}.Release|Any CPU.Build.0 = Release|Any CPU
		{C29F3134-477B-4C71-8B7D-3F9A65CD1C97}.Debug|Any CPU.ActiveCfg = Debug|Any CPU
		{C29F3134-477B-4C71-8B7D-3F9A65CD1C97}.Debug|Any CPU.Build.0 = Debug|Any CPU
		{C29F3134-477B-4C71-8B7D-3F9A65CD1C97}.Release|Any CPU.ActiveCfg = Release|Any CPU
		{C29F3134-477B-4C71-8B7D-3F9A65CD1C97}.Release|Any CPU.Build.0 = Release|Any CPU
		{D56D00DD-C40A-46C7-A5E8-A3F6738B3E87}.Debug|Any CPU.ActiveCfg = Debug|Any CPU
		{D56D00DD-C40A-46C7-A5E8-A3F6738B3E87}.Debug|Any CPU.Build.0 = Debug|Any CPU
		{D56D00DD-C40A-46C7-A5E8-A3F6738B3E87}.Release|Any CPU.ActiveCfg = Release|Any CPU
		{D56D00DD-C40A-46C7-A5E8-A3F6738B3E87}.Release|Any CPU.Build.0 = Release|Any CPU
		{91309197-071A-4876-942C-6EC91CD76190}.Debug|Any CPU.ActiveCfg = Debug|Any CPU
		{91309197-071A-4876-942C-6EC91CD76190}.Debug|Any CPU.Build.0 = Debug|Any CPU
		{91309197-071A-4876-942C-6EC91CD76190}.Release|Any CPU.ActiveCfg = Release|Any CPU
		{91309197-071A-4876-942C-6EC91CD76190}.Release|Any CPU.Build.0 = Release|Any CPU
		{604CCCD5-0678-4331-918C-EBD2E43605A0}.Debug|Any CPU.ActiveCfg = Debug|Any CPU
		{604CCCD5-0678-4331-918C-EBD2E43605A0}.Debug|Any CPU.Build.0 = Debug|Any CPU
		{604CCCD5-0678-4331-918C-EBD2E43605A0}.Release|Any CPU.ActiveCfg = Release|Any CPU
		{604CCCD5-0678-4331-918C-EBD2E43605A0}.Release|Any CPU.Build.0 = Release|Any CPU
		{273874CA-46BA-43CE-81D6-ADE1A5BE474C}.Debug|Any CPU.ActiveCfg = Debug|Any CPU
		{273874CA-46BA-43CE-81D6-ADE1A5BE474C}.Debug|Any CPU.Build.0 = Debug|Any CPU
		{273874CA-46BA-43CE-81D6-ADE1A5BE474C}.Release|Any CPU.ActiveCfg = Release|Any CPU
		{273874CA-46BA-43CE-81D6-ADE1A5BE474C}.Release|Any CPU.Build.0 = Release|Any CPU
		{CE06BCA8-3EB4-47A0-87A1-40116019575B}.Debug|Any CPU.ActiveCfg = Debug|Any CPU
		{CE06BCA8-3EB4-47A0-87A1-40116019575B}.Debug|Any CPU.Build.0 = Debug|Any CPU
		{CE06BCA8-3EB4-47A0-87A1-40116019575B}.Release|Any CPU.ActiveCfg = Release|Any CPU
		{CE06BCA8-3EB4-47A0-87A1-40116019575B}.Release|Any CPU.Build.0 = Release|Any CPU
	EndGlobalSection
	GlobalSection(SolutionProperties) = preSolution
		HideSolutionNode = FALSE
	EndGlobalSection
	GlobalSection(ExtensibilityGlobals) = postSolution
		SolutionGuid = {2AE0927E-B6E2-4D72-84AD-6AA006139ED1}
	EndGlobalSection
EndGlobal
