
Microsoft Visual Studio Solution File, Format Version 12.00
# Visual Studio Version 17
VisualStudioVersion = 17.7.34024.191
MinimumVisualStudioVersion = 10.0.40219.1
Project("{FAE04EC0-301F-11D3-BF4B-00C04F79EFBC}") = "SandboxA05", "SandboxA05\SandboxA05.csproj", "{0960A53D-1BDE-47C7-BD08-2B5346EC71D8}"
EndProject
Global
	GlobalSection(SolutionConfigurationPlatforms) = preSolution
		Debug|Any CPU = Debug|Any CPU
		Release|Any CPU = Release|Any CPU
	EndGlobalSection
	GlobalSection(ProjectConfigurationPlatforms) = postSolution
		{0960A53D-1BDE-47C7-BD08-2B5346EC71D8}.Debug|Any CPU.ActiveCfg = Debug|Any CPU
		{0960A53D-1BDE-47C7-BD08-2B5346EC71D8}.Debug|Any CPU.Build.0 = Debug|Any CPU
		{0960A53D-1BDE-47C7-BD08-2B5346EC71D8}.Release|Any CPU.ActiveCfg = Release|Any CPU
		{0960A53D-1BDE-47C7-BD08-2B5346EC71D8}.Release|Any CPU.Build.0 = Release|Any CPU
	EndGlobalSection
	GlobalSection(SolutionProperties) = preSolution
		HideSolutionNode = FALSE
	EndGlobalSection
	GlobalSection(ExtensibilityGlobals) = postSolution
		SolutionGuid = {2AE0927E-B6E2-4D72-84AD-6AA006139ED1}
	EndGlobalSection
EndGlobal
