
Microsoft Visual Studio Solution File, Format Version 12.00
# Visual Studio Version 17
VisualStudioVersion = 17.11.35222.181
MinimumVisualStudioVersion = 10.0.40219.1
Project("{FAE04EC0-301F-11D3-BF4B-00C04F79EFBC}") = "Topic3SwitchPractice", "Topic3SwitchPractice\Topic3SwitchPractice.csproj", "{3D05F558-A84C-49D7-A757-011B03A3051A}"
EndProject
Global
	GlobalSection(SolutionConfigurationPlatforms) = preSolution
		Debug|Any CPU = Debug|Any CPU
		Release|Any CPU = Release|Any CPU
	EndGlobalSection
	GlobalSection(ProjectConfigurationPlatforms) = postSolution
		{3D05F558-A84C-49D7-A757-011B03A3051A}.Debug|Any CPU.ActiveCfg = Debug|Any CPU
		{3D05F558-A84C-49D7-A757-011B03A3051A}.Debug|Any CPU.Build.0 = Debug|Any CPU
		{3D05F558-A84C-49D7-A757-011B03A3051A}.Release|Any CPU.ActiveCfg = Release|Any CPU
		{3D05F558-A84C-49D7-A757-011B03A3051A}.Release|Any CPU.Build.0 = Release|Any CPU
	EndGlobalSection
	GlobalSection(SolutionProperties) = preSolution
		HideSolutionNode = FALSE
	EndGlobalSection
	GlobalSection(ExtensibilityGlobals) = postSolution
		SolutionGuid = {0372D160-ABA1-4D72-9EE2-4E901CBD1ACE}
	EndGlobalSection
EndGlobal
