
Microsoft Visual Studio Solution File, Format Version 12.00
# Visual Studio Version 17
VisualStudioVersion = 17.11.35222.181
MinimumVisualStudioVersion = 10.0.40219.1
Project("{FAE04EC0-301F-11D3-BF4B-00C04F79EFBC}") = "Topic8-DogDemo", "Topic8-DogDemo\Topic8-DogDemo.csproj", "{D1DADDC5-277C-4B51-A866-E8E40239A7AF}"
EndProject
Global
	GlobalSection(SolutionConfigurationPlatforms) = preSolution
		Debug|Any CPU = Debug|Any CPU
		Release|Any CPU = Release|Any CPU
	EndGlobalSection
	GlobalSection(ProjectConfigurationPlatforms) = postSolution
		{D1DADDC5-277C-4B51-A866-E8E40239A7AF}.Debug|Any CPU.ActiveCfg = Debug|Any CPU
		{D1DADDC5-277C-4B51-A866-E8E40239A7AF}.Debug|Any CPU.Build.0 = Debug|Any CPU
		{D1DADDC5-277C-4B51-A866-E8E40239A7AF}.Release|Any CPU.ActiveCfg = Release|Any CPU
		{D1DADDC5-277C-4B51-A866-E8E40239A7AF}.Release|Any CPU.Build.0 = Release|Any CPU
	EndGlobalSection
	GlobalSection(SolutionProperties) = preSolution
		HideSolutionNode = FALSE
	EndGlobalSection
	GlobalSection(ExtensibilityGlobals) = postSolution
		SolutionGuid = {D9B9A716-13BA-47FB-B8F0-C48F3443F653}
	EndGlobalSection
EndGlobal
