
Microsoft Visual Studio Solution File, Format Version 12.00
# Visual Studio Version 17
VisualStudioVersion = 17.11.35222.181
MinimumVisualStudioVersion = 10.0.40219.1
Project("{FAE04EC0-301F-11D3-BF4B-00C04F79EFBC}") = "Topic4Sandbox", "Topic4Sandbox\Topic4Sandbox.csproj", "{79E20F4F-C2CE-426B-8526-F99821905D68}"
EndProject
Global
	GlobalSection(SolutionConfigurationPlatforms) = preSolution
		Debug|Any CPU = Debug|Any CPU
		Release|Any CPU = Release|Any CPU
	EndGlobalSection
	GlobalSection(ProjectConfigurationPlatforms) = postSolution
		{79E20F4F-C2CE-426B-8526-F99821905D68}.Debug|Any CPU.ActiveCfg = Debug|Any CPU
		{79E20F4F-C2CE-426B-8526-F99821905D68}.Debug|Any CPU.Build.0 = Debug|Any CPU
		{79E20F4F-C2CE-426B-8526-F99821905D68}.Release|Any CPU.ActiveCfg = Release|Any CPU
		{79E20F4F-C2CE-426B-8526-F99821905D68}.Release|Any CPU.Build.0 = Release|Any CPU
	EndGlobalSection
	GlobalSection(SolutionProperties) = preSolution
		HideSolutionNode = FALSE
	EndGlobalSection
	GlobalSection(ExtensibilityGlobals) = postSolution
		SolutionGuid = {B6268D63-3B57-4C39-966B-F30A4DA9B110}
	EndGlobalSection
EndGlobal
