
Microsoft Visual Studio Solution File, Format Version 12.00
# Visual Studio Version 17
VisualStudioVersion = 17.11.35222.181
MinimumVisualStudioVersion = 10.0.40219.1
Project("{FAE04EC0-301F-11D3-BF4B-00C04F79EFBC}") = "Topic6-ShoeStore", "Topic6-ShoeStore\Topic6-ShoeStore.csproj", "{79FA2D51-EBDA-4AC6-AF18-C1684A8126AB}"
EndProject
Global
	GlobalSection(SolutionConfigurationPlatforms) = preSolution
		Debug|Any CPU = Debug|Any CPU
		Release|Any CPU = Release|Any CPU
	EndGlobalSection
	GlobalSection(ProjectConfigurationPlatforms) = postSolution
		{79FA2D51-EBDA-4AC6-AF18-C1684A8126AB}.Debug|Any CPU.ActiveCfg = Debug|Any CPU
		{79FA2D51-EBDA-4AC6-AF18-C1684A8126AB}.Debug|Any CPU.Build.0 = Debug|Any CPU
		{79FA2D51-EBDA-4AC6-AF18-C1684A8126AB}.Release|Any CPU.ActiveCfg = Release|Any CPU
		{79FA2D51-EBDA-4AC6-AF18-C1684A8126AB}.Release|Any CPU.Build.0 = Release|Any CPU
	EndGlobalSection
	GlobalSection(SolutionProperties) = preSolution
		HideSolutionNode = FALSE
	EndGlobalSection
	GlobalSection(ExtensibilityGlobals) = postSolution
		SolutionGuid = {63F83DC1-BE92-46DB-92DF-2CF5E995E351}
	EndGlobalSection
EndGlobal
