
Microsoft Visual Studio Solution File, Format Version 12.00
# Visual Studio Version 17
VisualStudioVersion = 17.11.35222.181
MinimumVisualStudioVersion = 10.0.40219.1
Project("{FAE04EC0-301F-11D3-BF4B-00C04F79EFBC}") = "Topic2SimpleCalculator", "Topic2SimpleCalculator\Topic2SimpleCalculator.csproj", "{C45F9063-DCBB-485C-9B50-82715896840E}"
EndProject
Global
	GlobalSection(SolutionConfigurationPlatforms) = preSolution
		Debug|Any CPU = Debug|Any CPU
		Release|Any CPU = Release|Any CPU
	EndGlobalSection
	GlobalSection(ProjectConfigurationPlatforms) = postSolution
		{C45F9063-DCBB-485C-9B50-82715896840E}.Debug|Any CPU.ActiveCfg = Debug|Any CPU
		{C45F9063-DCBB-485C-9B50-82715896840E}.Debug|Any CPU.Build.0 = Debug|Any CPU
		{C45F9063-DCBB-485C-9B50-82715896840E}.Release|Any CPU.ActiveCfg = Release|Any CPU
		{C45F9063-DCBB-485C-9B50-82715896840E}.Release|Any CPU.Build.0 = Release|Any CPU
	EndGlobalSection
	GlobalSection(SolutionProperties) = preSolution
		HideSolutionNode = FALSE
	EndGlobalSection
	GlobalSection(ExtensibilityGlobals) = postSolution
		SolutionGuid = {6446206C-6054-4E1A-BECF-FA5AE016D22C}
	EndGlobalSection
EndGlobal
