
Microsoft Visual Studio Solution File, Format Version 12.00
# Visual Studio Version 17
VisualStudioVersion = 17.7.34024.191
MinimumVisualStudioVersion = 10.0.40219.1
Project("{9A19103F-16F7-4668-BE54-9A1E7A4F7556}") = "SandboxOE02", "SandboxOE02\SandboxOE02.csproj", "{188F50A8-9489-4720-AEA3-755465D4A146}"
EndProject
Project("{9A19103F-16F7-4668-BE54-9A1E7A4F7556}") = "Sep18ClassExamples", "Sep18ClassExamples\Sep18ClassExamples.csproj", "{35591CD2-0A1C-4A3F-8B8A-FFBB5ED435A1}"
EndProject
Project("{9A19103F-16F7-4668-BE54-9A1E7A4F7556}") = "Sep27DecisionStructures", "Sep27DecisionStructures\Sep27DecisionStructures.csproj", "{E3AA903F-71C3-4F6C-90E4-790CBE6B316D}"
EndProject
Project("{9A19103F-16F7-4668-BE54-9A1E7A4F7556}") = "Oct2LoanQualifier", "Oct2LoanQualifier\Oct2LoanQualifier.csproj", "{97AE39EA-EA0C-4688-A1A6-37103C2D025B}"
EndProject
Project("{9A19103F-16F7-4668-BE54-9A1E7A4F7556}") = "Oct4FormattingExample", "Oct4FormattingExample\Oct4FormattingExample.csproj", "{A6F0476F-6302-4E52-AB69-39327FC3D583}"
EndProject
Project("{9A19103F-16F7-4668-BE54-9A1E7A4F7556}") = "Oct4WhileLoop", "Oct4WhileLoop\Oct4WhileLoop.csproj", "{B29B3F5D-6C7A-4874-B775-0181B22EBD74}"
EndProject
Project("{9A19103F-16F7-4668-BE54-9A1E7A4F7556}") = "Oct4DoWhile", "Oct4DoWhile\Oct4DoWhile.csproj", "{32AFD66F-F330-4C25-9952-488A142DA7C0}"
EndProject
Project("{9A19103F-16F7-4668-BE54-9A1E7A4F7556}") = "Oct11TryCatch", "Oct11TryCatch\Oct11TryCatch.csproj", "{3886756C-7480-4A23-A5EE-D9C6148F73F5}"
EndProject
Project("{9A19103F-16F7-4668-BE54-9A1E7A4F7556}") = "Oct18Array", "Oct18Array\Oct18Array.csproj", "{3FA29FA3-2C93-4DE7-9304-E40F4FFBD583}"
EndProject
Project("{9A19103F-16F7-4668-BE54-9A1E7A4F7556}") = "Oct23Methods", "Oct23Methods\Oct23Methods.csproj", "{141BDCE5-EC53-460D-836D-F1BD62EC18B9}"
EndProject
Project("{9A19103F-16F7-4668-BE54-9A1E7A4F7556}") = "Oct23MethodPractice", "Oct23MethodPractice\Oct23MethodPractice.csproj", "{CDE892A4-3F68-46F8-95AF-B2BF2AAC85C1}"
EndProject
Project("{9A19103F-16F7-4668-BE54-9A1E7A4F7556}") = "Oct25MoreArrayPractice", "Oct25ArrayMethods\Oct25MoreArrayPractice.csproj", "{005450B3-FE26-4478-AD41-0FB2A3F51FF2}"
EndProject
Project("{9A19103F-16F7-4668-BE54-9A1E7A4F7556}") = "Nov1FileIO", "Nov1FileIO\Nov1FileIO.csproj", "{FB578D37-E294-4B66-B207-8E2E9F1A1F6C}"
EndProject
Project("{FAE04EC0-301F-11D3-BF4B-00C04F79EFBC}") = "Nov8Asn3Practice", "Nov8Asn3Practice\Nov8Asn3Practice.csproj", "{5BD56050-7EE5-4CEF-9FEA-C49302FA03F5}"
EndProject
Global
	GlobalSection(SolutionConfigurationPlatforms) = preSolution
		Debug|Any CPU = Debug|Any CPU
		Release|Any CPU = Release|Any CPU
	EndGlobalSection
	GlobalSection(ProjectConfigurationPlatforms) = postSolution
		{188F50A8-9489-4720-AEA3-755465D4A146}.Debug|Any CPU.ActiveCfg = Debug|Any CPU
		{188F50A8-9489-4720-AEA3-755465D4A146}.Debug|Any CPU.Build.0 = Debug|Any CPU
		{188F50A8-9489-4720-AEA3-755465D4A146}.Release|Any CPU.ActiveCfg = Release|Any CPU
		{188F50A8-9489-4720-AEA3-755465D4A146}.Release|Any CPU.Build.0 = Release|Any CPU
		{35591CD2-0A1C-4A3F-8B8A-FFBB5ED435A1}.Debug|Any CPU.ActiveCfg = Debug|Any CPU
		{35591CD2-0A1C-4A3F-8B8A-FFBB5ED435A1}.Debug|Any CPU.Build.0 = Debug|Any CPU
		{35591CD2-0A1C-4A3F-8B8A-FFBB5ED435A1}.Release|Any CPU.ActiveCfg = Release|Any CPU
		{35591CD2-0A1C-4A3F-8B8A-FFBB5ED435A1}.Release|Any CPU.Build.0 = Release|Any CPU
		{E3AA903F-71C3-4F6C-90E4-790CBE6B316D}.Debug|Any CPU.ActiveCfg = Debug|Any CPU
		{E3AA903F-71C3-4F6C-90E4-790CBE6B316D}.Debug|Any CPU.Build.0 = Debug|Any CPU
		{E3AA903F-71C3-4F6C-90E4-790CBE6B316D}.Release|Any CPU.ActiveCfg = Release|Any CPU
		{E3AA903F-71C3-4F6C-90E4-790CBE6B316D}.Release|Any CPU.Build.0 = Release|Any CPU
		{97AE39EA-EA0C-4688-A1A6-37103C2D025B}.Debug|Any CPU.ActiveCfg = Debug|Any CPU
		{97AE39EA-EA0C-4688-A1A6-37103C2D025B}.Debug|Any CPU.Build.0 = Debug|Any CPU
		{97AE39EA-EA0C-4688-A1A6-37103C2D025B}.Release|Any CPU.ActiveCfg = Release|Any CPU
		{97AE39EA-EA0C-4688-A1A6-37103C2D025B}.Release|Any CPU.Build.0 = Release|Any CPU
		{A6F0476F-6302-4E52-AB69-39327FC3D583}.Debug|Any CPU.ActiveCfg = Debug|Any CPU
		{A6F0476F-6302-4E52-AB69-39327FC3D583}.Debug|Any CPU.Build.0 = Debug|Any CPU
		{A6F0476F-6302-4E52-AB69-39327FC3D583}.Release|Any CPU.ActiveCfg = Release|Any CPU
		{A6F0476F-6302-4E52-AB69-39327FC3D583}.Release|Any CPU.Build.0 = Release|Any CPU
		{B29B3F5D-6C7A-4874-B775-0181B22EBD74}.Debug|Any CPU.ActiveCfg = Debug|Any CPU
		{B29B3F5D-6C7A-4874-B775-0181B22EBD74}.Debug|Any CPU.Build.0 = Debug|Any CPU
		{B29B3F5D-6C7A-4874-B775-0181B22EBD74}.Release|Any CPU.ActiveCfg = Release|Any CPU
		{B29B3F5D-6C7A-4874-B775-0181B22EBD74}.Release|Any CPU.Build.0 = Release|Any CPU
		{32AFD66F-F330-4C25-9952-488A142DA7C0}.Debug|Any CPU.ActiveCfg = Debug|Any CPU
		{32AFD66F-F330-4C25-9952-488A142DA7C0}.Debug|Any CPU.Build.0 = Debug|Any CPU
		{32AFD66F-F330-4C25-9952-488A142DA7C0}.Release|Any CPU.ActiveCfg = Release|Any CPU
		{32AFD66F-F330-4C25-9952-488A142DA7C0}.Release|Any CPU.Build.0 = Release|Any CPU
		{3886756C-7480-4A23-A5EE-D9C6148F73F5}.Debug|Any CPU.ActiveCfg = Debug|Any CPU
		{3886756C-7480-4A23-A5EE-D9C6148F73F5}.Debug|Any CPU.Build.0 = Debug|Any CPU
		{3886756C-7480-4A23-A5EE-D9C6148F73F5}.Release|Any CPU.ActiveCfg = Release|Any CPU
		{3886756C-7480-4A23-A5EE-D9C6148F73F5}.Release|Any CPU.Build.0 = Release|Any CPU
		{3FA29FA3-2C93-4DE7-9304-E40F4FFBD583}.Debug|Any CPU.ActiveCfg = Debug|Any CPU
		{3FA29FA3-2C93-4DE7-9304-E40F4FFBD583}.Debug|Any CPU.Build.0 = Debug|Any CPU
		{3FA29FA3-2C93-4DE7-9304-E40F4FFBD583}.Release|Any CPU.ActiveCfg = Release|Any CPU
		{3FA29FA3-2C93-4DE7-9304-E40F4FFBD583}.Release|Any CPU.Build.0 = Release|Any CPU
		{141BDCE5-EC53-460D-836D-F1BD62EC18B9}.Debug|Any CPU.ActiveCfg = Debug|Any CPU
		{141BDCE5-EC53-460D-836D-F1BD62EC18B9}.Debug|Any CPU.Build.0 = Debug|Any CPU
		{141BDCE5-EC53-460D-836D-F1BD62EC18B9}.Release|Any CPU.ActiveCfg = Release|Any CPU
		{141BDCE5-EC53-460D-836D-F1BD62EC18B9}.Release|Any CPU.Build.0 = Release|Any CPU
		{CDE892A4-3F68-46F8-95AF-B2BF2AAC85C1}.Debug|Any CPU.ActiveCfg = Debug|Any CPU
		{CDE892A4-3F68-46F8-95AF-B2BF2AAC85C1}.Debug|Any CPU.Build.0 = Debug|Any CPU
		{CDE892A4-3F68-46F8-95AF-B2BF2AAC85C1}.Release|Any CPU.ActiveCfg = Release|Any CPU
		{CDE892A4-3F68-46F8-95AF-B2BF2AAC85C1}.Release|Any CPU.Build.0 = Release|Any CPU
		{005450B3-FE26-4478-AD41-0FB2A3F51FF2}.Debug|Any CPU.ActiveCfg = Debug|Any CPU
		{005450B3-FE26-4478-AD41-0FB2A3F51FF2}.Debug|Any CPU.Build.0 = Debug|Any CPU
		{005450B3-FE26-4478-AD41-0FB2A3F51FF2}.Release|Any CPU.ActiveCfg = Release|Any CPU
		{005450B3-FE26-4478-AD41-0FB2A3F51FF2}.Release|Any CPU.Build.0 = Release|Any CPU
		{FB578D37-E294-4B66-B207-8E2E9F1A1F6C}.Debug|Any CPU.ActiveCfg = Debug|Any CPU
		{FB578D37-E294-4B66-B207-8E2E9F1A1F6C}.Debug|Any CPU.Build.0 = Debug|Any CPU
		{FB578D37-E294-4B66-B207-8E2E9F1A1F6C}.Release|Any CPU.ActiveCfg = Release|Any CPU
		{FB578D37-E294-4B66-B207-8E2E9F1A1F6C}.Release|Any CPU.Build.0 = Release|Any CPU
		{5BD56050-7EE5-4CEF-9FEA-C49302FA03F5}.Debug|Any CPU.ActiveCfg = Debug|Any CPU
		{5BD56050-7EE5-4CEF-9FEA-C49302FA03F5}.Debug|Any CPU.Build.0 = Debug|Any CPU
		{5BD56050-7EE5-4CEF-9FEA-C49302FA03F5}.Release|Any CPU.ActiveCfg = Release|Any CPU
		{5BD56050-7EE5-4CEF-9FEA-C49302FA03F5}.Release|Any CPU.Build.0 = Release|Any CPU
	EndGlobalSection
	GlobalSection(SolutionProperties) = preSolution
		HideSolutionNode = FALSE
	EndGlobalSection
	GlobalSection(ExtensibilityGlobals) = postSolution
		SolutionGuid = {ADA3FC9A-E9D3-4879-9D8C-1A9CF309EF35}
	EndGlobalSection
EndGlobal
