
Microsoft Visual Studio Solution File, Format Version 12.00
# Visual Studio Version 17
VisualStudioVersion = 17.13.35931.197 d17.13
MinimumVisualStudioVersion = 10.0.40219.1
Project("{FAE04EC0-301F-11D3-BF4B-00C04F79EFBC}") = "TopLevelStatement", "TopLevelStatement.csproj", "{BACC9607-070D-48C9-849C-90C462D971D0}"
EndProject
Global
	GlobalSection(SolutionConfigurationPlatforms) = preSolution
		Debug|Any CPU = Debug|Any CPU
		Release|Any CPU = Release|Any CPU
	EndGlobalSection
	GlobalSection(ProjectConfigurationPlatforms) = postSolution
		{BACC9607-070D-48C9-849C-90C462D971D0}.Debug|Any CPU.ActiveCfg = Debug|Any CPU
		{BACC9607-070D-48C9-849C-90C462D971D0}.Debug|Any CPU.Build.0 = Debug|Any CPU
		{BACC9607-070D-48C9-849C-90C462D971D0}.Release|Any CPU.ActiveCfg = Release|Any CPU
		{BACC9607-070D-48C9-849C-90C462D971D0}.Release|Any CPU.Build.0 = Release|Any CPU
	EndGlobalSection
	GlobalSection(SolutionProperties) = preSolution
		HideSolutionNode = FALSE
	EndGlobalSection
	GlobalSection(ExtensibilityGlobals) = postSolution
		SolutionGuid = {FCB2D2A7-C1E6-4AAD-8FA1-07AFC99719BF}
	EndGlobalSection
EndGlobal
