
Microsoft Visual Studio Solution File, Format Version 12.00
# Visual Studio Version 17
VisualStudioVersion = 17.13.35931.197 d17.13
MinimumVisualStudioVersion = 10.0.40219.1
Project("{FAE04EC0-301F-11D3-BF4B-00C04F79EFBC}") = "ArraysPractice", "ArraysPractice.csproj", "{899DEE68-464A-4416-938E-307F95B4AA46}"
EndProject
Global
	GlobalSection(SolutionConfigurationPlatforms) = preSolution
		Debug|Any CPU = Debug|Any CPU
		Release|Any CPU = Release|Any CPU
	EndGlobalSection
	GlobalSection(ProjectConfigurationPlatforms) = postSolution
		{899DEE68-464A-4416-938E-307F95B4AA46}.Debug|Any CPU.ActiveCfg = Debug|Any CPU
		{899DEE68-464A-4416-938E-307F95B4AA46}.Debug|Any CPU.Build.0 = Debug|Any CPU
		{899DEE68-464A-4416-938E-307F95B4AA46}.Release|Any CPU.ActiveCfg = Release|Any CPU
		{899DEE68-464A-4416-938E-307F95B4AA46}.Release|Any CPU.Build.0 = Release|Any CPU
	EndGlobalSection
	GlobalSection(SolutionProperties) = preSolution
		HideSolutionNode = FALSE
	EndGlobalSection
	GlobalSection(ExtensibilityGlobals) = postSolution
		SolutionGuid = {0DC475C3-279D-4716-BD0D-91B856391241}
	EndGlobalSection
EndGlobal
